{
  "name": "unifiedpush-node-sender",
  "version": "0.10.0-dev",
  "dependencies": {
    "lodash": {
      "version": "3.10.1",
      "from": "https://registry.npmjs.org/lodash/-/lodash-3.10.1.tgz",
      "resolved": "https://registry.npmjs.org/lodash/-/lodash-3.10.1.tgz"
    },
    "nopt": {
      "version": "3.0.4",
      "from": "nopt@*",
      "resolved": "https://registry.npmjs.org/nopt/-/nopt-3.0.4.tgz",
      "dependencies": {
        "abbrev": {
          "version": "1.0.7",
          "from": "abbrev@>=1.0.0 <2.0.0",
          "resolved": "https://registry.npmjs.org/abbrev/-/abbrev-1.0.7.tgz"
        }
      }
    }
  }
}
